{
  "name": "@lisperati/ezbitmap-react",
  "version": "1.0.1",
  "lockfileVersion": 2,
  "requires": true,
  "packages": {
    "": {
      "name": "@lisperati/ezbitmap-react",
      "version": "1.0.1",
      "dependencies": {
        "@lisperati/ezbitmap": "^0.5.10"
      }
    },
    "node_modules/@lisperati/ezbitmap": {
      "version": "0.5.10",
      "resolved": "https://registry.npmjs.org/@lisperati/ezbitmap/-/ezbitmap-0.5.10.tgz",
      "integrity": "sha512-SxpCiOfCb5GnKmkT0zO+E7155NF3Dg7n8C+X2SQERcbXbnoUFtnTMko8jtJRTv9CSv9/rtb0bkKWJYD3Y9IO5Q==",
      "dependencies": {
        "xbr-js": "^2.0.1"
      }
    },
    "node_modules/xbr-js": {
      "version": "2.0.1",
      "resolved": "https://registry.npmjs.org/xbr-js/-/xbr-js-2.0.1.tgz",
      "integrity": "sha512-uKMrCZ4doruNbak2PzsMnZm20BvgHHnHpkzuCkQiHTotOysLNZA8TVDX7SYGTMNeTPYdTaco0lux2+zLTIm11w=="
    }
  },
  "dependencies": {
    "@lisperati/ezbitmap": {
      "version": "0.5.10",
      "resolved": "https://registry.npmjs.org/@lisperati/ezbitmap/-/ezbitmap-0.5.10.tgz",
      "integrity": "sha512-SxpCiOfCb5GnKmkT0zO+E7155NF3Dg7n8C+X2SQERcbXbnoUFtnTMko8jtJRTv9CSv9/rtb0bkKWJYD3Y9IO5Q==",
      "requires": {
        "xbr-js": "^2.0.1"
      }
    },
    "xbr-js": {
      "version": "2.0.1",
      "resolved": "https://registry.npmjs.org/xbr-js/-/xbr-js-2.0.1.tgz",
      "integrity": "sha512-uKMrCZ4doruNbak2PzsMnZm20BvgHHnHpkzuCkQiHTotOysLNZA8TVDX7SYGTMNeTPYdTaco0lux2+zLTIm11w=="
    }
  }
}
